// !$*UTF8*$!
{
	archiveVersion = 1;
	classes = {
	};
	objectVersion = 52;
	objects = {

/* Begin PBXBuildFile section */
		F6B9F902250C4151002C8B6A /* SwiftUIStylingProtoApp.swift in Sources */ = {isa = PBXBuildFile; fileRef = F6B9F901250C4151002C8B6A /* SwiftUIStylingProtoApp.swift */; };
		F6B9F904250C4151002C8B6A /* ContentView.swift in Sources */ = {isa = PBXBuildFile; fileRef = F6B9F903250C4151002C8B6A /* ContentView.swift */; };
		F6B9F906250C4151002C8B6A /* Assets.xcassets in Resources */ = {isa = PBXBuildFile; fileRef = F6B9F905250C4151002C8B6A /* Assets.xcassets */; };
		F6B9F909250C4151002C8B6A /* Preview Assets.xcassets in Resources */ = {isa = PBXBuildFile; fileRef = F6B9F908250C4151002C8B6A /* Preview Assets.xcassets */; };
		F6B9F91E250C43CC002C8B6A /* FioriSwiftUI in Frameworks */ = {isa = PBXBuildFile; productRef = F6B9F91D250C43CC002C8B6A /* FioriSwiftUI */; };
		F6B9F91F250C43CC002C8B6A /* FioriSwiftUI in Embed Frameworks */ = {isa = PBXBuildFile; productRef = F6B9F91D250C43CC002C8B6A /* FioriSwiftUI */; settings = {ATTRIBUTES = (CodeSignOnCopy, ); }; };
		F6B9F923250C4569002C8B6A /* ContactList.swift in Sources */ = {isa = PBXBuildFile; fileRef = F6B9F922250C4569002C8B6A /* ContactList.swift */; };
		F6B9F926250C45BC002C8B6A /* AcmePalette.swift in Sources */ = {isa = PBXBuildFile; fileRef = F6B9F925250C45BC002C8B6A /* AcmePalette.swift */; };
		F6B9F928250C45E5002C8B6A /* AcmeTags.swift in Sources */ = {isa = PBXBuildFile; fileRef = F6B9F927250C45E5002C8B6A /* AcmeTags.swift */; };
		F6B9F92A250C4673002C8B6A /* PersonFloorplan.swift in Sources */ = {isa = PBXBuildFile; fileRef = F6B9F929250C4673002C8B6A /* PersonFloorplan.swift */; };
		F6B9F92F250C474A002C8B6A /* Person.swift in Sources */ = {isa = PBXBuildFile; fileRef = F6B9F92C250C474A002C8B6A /* Person.swift */; };
		F6B9F930250C474A002C8B6A /* TripPin.swift in Sources */ = {isa = PBXBuildFile; fileRef = F6B9F92D250C474A002C8B6A /* TripPin.swift */; };
		F6B9F931250C474A002C8B6A /* PlanItem.swift in Sources */ = {isa = PBXBuildFile; fileRef = F6B9F92E250C474A002C8B6A /* PlanItem.swift */; };
/* End PBXBuildFile section */

/* Begin PBXCopyFilesBuildPhase section */
		F6B9F914250C422A002C8B6A /* Embed Frameworks */ = {
			isa = PBXCopyFilesBuildPhase;
			buildActionMask = 2147483647;
			dstPath = "";
			dstSubfolderSpec = 10;
			files = (
				F6B9F91F250C43CC002C8B6A /* FioriSwiftUI in Embed Frameworks */,
			);
			name = "Embed Frameworks";
			runOnlyForDeploymentPostprocessing = 0;
		};
/* End PBXCopyFilesBuildPhase section */

/* Begin PBXFileReference section */
		F6B9F8FE250C4151002C8B6A /* SwiftUIStylingProto.app */ = {isa = PBXFileReference; explicitFileType = wrapper.application; includeInIndex = 0; path = SwiftUIStylingProto.app; sourceTree = BUILT_PRODUCTS_DIR; };
		F6B9F901250C4151002C8B6A /* SwiftUIStylingProtoApp.swift */ = {isa = PBXFileReference; lastKnownFileType = sourcecode.swift; path = SwiftUIStylingProtoApp.swift; sourceTree = "<group>"; };
		F6B9F903250C4151002C8B6A /* ContentView.swift */ = {isa = PBXFileReference; lastKnownFileType = sourcecode.swift; path = ContentView.swift; sourceTree = "<group>"; };
		F6B9F905250C4151002C8B6A /* Assets.xcassets */ = {isa = PBXFileReference; lastKnownFileType = folder.assetcatalog; path = Assets.xcassets; sourceTree = "<group>"; };
		F6B9F908250C4151002C8B6A /* Preview Assets.xcassets */ = {isa = PBXFileReference; lastKnownFileType = folder.assetcatalog; path = "Preview Assets.xcassets"; sourceTree = "<group>"; };
		F6B9F90A250C4151002C8B6A /* Info.plist */ = {isa = PBXFileReference; lastKnownFileType = text.plist.xml; path = Info.plist; sourceTree = "<group>"; };
		F6B9F922250C4569002C8B6A /* ContactList.swift */ = {isa = PBXFileReference; lastKnownFileType = sourcecode.swift; path = ContactList.swift; sourceTree = "<group>"; };
		F6B9F925250C45BC002C8B6A /* AcmePalette.swift */ = {isa = PBXFileReference; lastKnownFileType = sourcecode.swift; path = AcmePalette.swift; sourceTree = "<group>"; };
		F6B9F927250C45E5002C8B6A /* AcmeTags.swift */ = {isa = PBXFileReference; lastKnownFileType = sourcecode.swift; path = AcmeTags.swift; sourceTree = "<group>"; };
		F6B9F929250C4673002C8B6A /* PersonFloorplan.swift */ = {isa = PBXFileReference; fileEncoding = 4; lastKnownFileType = sourcecode.swift; path = PersonFloorplan.swift; sourceTree = "<group>"; };
		F6B9F92C250C474A002C8B6A /* Person.swift */ = {isa = PBXFileReference; fileEncoding = 4; lastKnownFileType = sourcecode.swift; path = Person.swift; sourceTree = "<group>"; };
		F6B9F92D250C474A002C8B6A /* TripPin.swift */ = {isa = PBXFileReference; fileEncoding = 4; lastKnownFileType = sourcecode.swift; path = TripPin.swift; sourceTree = "<group>"; };
		F6B9F92E250C474A002C8B6A /* PlanItem.swift */ = {isa = PBXFileReference; fileEncoding = 4; lastKnownFileType = sourcecode.swift; path = PlanItem.swift; sourceTree = "<group>"; };
/* End PBXFileReference section */

/* Begin PBXFrameworksBuildPhase section */
		F6B9F8FB250C4151002C8B6A /* Frameworks */ = {
			isa = PBXFrameworksBuildPhase;
			buildActionMask = 2147483647;
			files = (
				F6B9F91E250C43CC002C8B6A /* FioriSwiftUI in Frameworks */,
			);
			runOnlyForDeploymentPostprocessing = 0;
		};
/* End PBXFrameworksBuildPhase section */

/* Begin PBXGroup section */
		F6B9F8F5250C4151002C8B6A = {
			isa = PBXGroup;
			children = (
				F6B9F900250C4151002C8B6A /* SwiftUIStylingProto */,
				F6B9F8FF250C4151002C8B6A /* Products */,
				F6B9F915250C4257002C8B6A /* Frameworks */,
			);
			sourceTree = "<group>";
		};
		F6B9F8FF250C4151002C8B6A /* Products */ = {
			isa = PBXGroup;
			children = (
				F6B9F8FE250C4151002C8B6A /* SwiftUIStylingProto.app */,
			);
			name = Products;
			sourceTree = "<group>";
		};
		F6B9F900250C4151002C8B6A /* SwiftUIStylingProto */ = {
			isa = PBXGroup;
			children = (
				F6B9F92B250C474A002C8B6A /* TripPinSampleData */,
				F6B9F924250C45A2002C8B6A /* CustomerModifiers */,
				F6B9F901250C4151002C8B6A /* SwiftUIStylingProtoApp.swift */,
				F6B9F903250C4151002C8B6A /* ContentView.swift */,
				F6B9F922250C4569002C8B6A /* ContactList.swift */,
				F6B9F929250C4673002C8B6A /* PersonFloorplan.swift */,
				F6B9F905250C4151002C8B6A /* Assets.xcassets */,
				F6B9F90A250C4151002C8B6A /* Info.plist */,
				F6B9F907250C4151002C8B6A /* Preview Content */,
			);
			path = SwiftUIStylingProto;
			sourceTree = "<group>";
		};
		F6B9F907250C4151002C8B6A /* Preview Content */ = {
			isa = PBXGroup;
			children = (
				F6B9F908250C4151002C8B6A /* Preview Assets.xcassets */,
			);
			path = "Preview Content";
			sourceTree = "<group>";
		};
		F6B9F915250C4257002C8B6A /* Frameworks */ = {
			isa = PBXGroup;
			children = (
			);
			name = Frameworks;
			sourceTree = "<group>";
		};
		F6B9F924250C45A2002C8B6A /* CustomerModifiers */ = {
			isa = PBXGroup;
			children = (
				F6B9F925250C45BC002C8B6A /* AcmePalette.swift */,
				F6B9F927250C45E5002C8B6A /* AcmeTags.swift */,
			);
			path = CustomerModifiers;
			sourceTree = "<group>";
		};
		F6B9F92B250C474A002C8B6A /* TripPinSampleData */ = {
			isa = PBXGroup;
			children = (
				F6B9F92C250C474A002C8B6A /* Person.swift */,
				F6B9F92D250C474A002C8B6A /* TripPin.swift */,
				F6B9F92E250C474A002C8B6A /* PlanItem.swift */,
			);
			path = TripPinSampleData;
			sourceTree = "<group>";
		};
/* End PBXGroup section */

/* Begin PBXNativeTarget section */
		F6B9F8FD250C4151002C8B6A /* SwiftUIStylingProto */ = {
			isa = PBXNativeTarget;
			buildConfigurationList = F6B9F90D250C4151002C8B6A /* Build configuration list for PBXNativeTarget "SwiftUIStylingProto" */;
			buildPhases = (
				F6B9F8FA250C4151002C8B6A /* Sources */,
				F6B9F8FB250C4151002C8B6A /* Frameworks */,
				F6B9F8FC250C4151002C8B6A /* Resources */,
				F6B9F914250C422A002C8B6A /* Embed Frameworks */,
			);
			buildRules = (
			);
			dependencies = (
			);
			name = SwiftUIStylingProto;
			packageProductDependencies = (
				F6B9F91D250C43CC002C8B6A /* FioriSwiftUI */,
			);
			productName = SwiftUIStylingProto;
			productReference = F6B9F8FE250C4151002C8B6A /* SwiftUIStylingProto.app */;
			productType = "com.apple.product-type.application";
		};
/* End PBXNativeTarget section */

/* Begin PBXProject section */
		F6B9F8F6250C4151002C8B6A /* Project object */ = {
			isa = PBXProject;
			attributes = {
				LastSwiftUpdateCheck = 1200;
				LastUpgradeCheck = 1200;
				TargetAttributes = {
					F6B9F8FD250C4151002C8B6A = {
						CreatedOnToolsVersion = 12.0;
					};
				};
			};
			buildConfigurationList = F6B9F8F9250C4151002C8B6A /* Build configuration list for PBXProject "SwiftUIStylingProto" */;
			compatibilityVersion = "Xcode 9.3";
			developmentRegion = en;
			hasScannedForEncodings = 0;
			knownRegions = (
				en,
				Base,
			);
			mainGroup = F6B9F8F5250C4151002C8B6A;
			packageReferences = (
				F6B9F91C250C43CC002C8B6A /* XCRemoteSwiftPackageReference "cloud-sdk-ios-fiori" */,
			);
			productRefGroup = F6B9F8FF250C4151002C8B6A /* Products */;
			projectDirPath = "";
			projectRoot = "";
			targets = (
				F6B9F8FD250C4151002C8B6A /* SwiftUIStylingProto */,
			);
		};
/* End PBXProject section */

/* Begin PBXResourcesBuildPhase section */
		F6B9F8FC250C4151002C8B6A /* Resources */ = {
			isa = PBXResourcesBuildPhase;
			buildActionMask = 2147483647;
			files = (
				F6B9F909250C4151002C8B6A /* Preview Assets.xcassets in Resources */,
				F6B9F906250C4151002C8B6A /* Assets.xcassets in Resources */,
			);
			runOnlyForDeploymentPostprocessing = 0;
		};
/* End PBXResourcesBuildPhase section */

/* Begin PBXSourcesBuildPhase section */
		F6B9F8FA250C4151002C8B6A /* Sources */ = {
			isa = PBXSourcesBuildPhase;
			buildActionMask = 2147483647;
			files = (
				F6B9F923250C4569002C8B6A /* ContactList.swift in Sources */,
				F6B9F928250C45E5002C8B6A /* AcmeTags.swift in Sources */,
				F6B9F926250C45BC002C8B6A /* AcmePalette.swift in Sources */,
				F6B9F904250C4151002C8B6A /* ContentView.swift in Sources */,
				F6B9F92F250C474A002C8B6A /* Person.swift in Sources */,
				F6B9F92A250C4673002C8B6A /* PersonFloorplan.swift in Sources */,
				F6B9F931250C474A002C8B6A /* PlanItem.swift in Sources */,
				F6B9F930250C474A002C8B6A /* TripPin.swift in Sources */,
				F6B9F902250C4151002C8B6A /* SwiftUIStylingProtoApp.swift in Sources */,
			);
			runOnlyForDeploymentPostprocessing = 0;
		};
/* End PBXSourcesBuildPhase section */

/* Begin XCBuildConfiguration section */
		F6B9F90B250C4151002C8B6A /* Debug */ = {
			isa = XCBuildConfiguration;
			buildSettings = {
				ALWAYS_SEARCH_USER_PATHS = NO;
				CLANG_ANALYZER_NONNULL = YES;
				CLANG_ANALYZER_NUMBER_OBJECT_CONVERSION = YES_AGGRESSIVE;
				CLANG_CXX_LANGUAGE_STANDARD = "gnu++14";
				CLANG_CXX_LIBRARY = "libc++";
				CLANG_ENABLE_MODULES = YES;
				CLANG_ENABLE_OBJC_ARC = YES;
				CLANG_ENABLE_OBJC_WEAK = YES;
				CLANG_WARN_BLOCK_CAPTURE_AUTORELEASING = YES;
				CLANG_WARN_BOOL_CONVERSION = YES;
				CLANG_WARN_COMMA = YES;
				CLANG_WARN_CONSTANT_CONVERSION = YES;
				CLANG_WARN_DEPRECATED_OBJC_IMPLEMENTATIONS = YES;
				CLANG_WARN_DIRECT_OBJC_ISA_USAGE = YES_ERROR;
				CLANG_WARN_DOCUMENTATION_COMMENTS = YES;
				CLANG_WARN_EMPTY_BODY = YES;
				CLANG_WARN_ENUM_CONVERSION = YES;
				CLANG_WARN_INFINITE_RECURSION = YES;
				CLANG_WARN_INT_CONVERSION = YES;
				CLANG_WARN_NON_LITERAL_NULL_CONVERSION = YES;
				CLANG_WARN_OBJC_IMPLICIT_RETAIN_SELF = YES;
				CLANG_WARN_OBJC_LITERAL_CONVERSION = YES;
				CLANG_WARN_OBJC_ROOT_CLASS = YES_ERROR;
				CLANG_WARN_QUOTED_INCLUDE_IN_FRAMEWORK_HEADER = YES;
				CLANG_WARN_RANGE_LOOP_ANALYSIS = YES;
				CLANG_WARN_STRICT_PROTOTYPES = YES;
				CLANG_WARN_SUSPICIOUS_MOVE = YES;
				CLANG_WARN_UNGUARDED_AVAILABILITY = YES_AGGRESSIVE;
				CLANG_WARN_UNREACHABLE_CODE = YES;
				CLANG_WARN__DUPLICATE_METHOD_MATCH = YES;
				COPY_PHASE_STRIP = NO;
				DEBUG_INFORMATION_FORMAT = dwarf;
				ENABLE_STRICT_OBJC_MSGSEND = YES;
				ENABLE_TESTABILITY = YES;
				GCC_C_LANGUAGE_STANDARD = gnu11;
				GCC_DYNAMIC_NO_PIC = NO;
				GCC_NO_COMMON_BLOCKS = YES;
				GCC_OPTIMIZATION_LEVEL = 0;
				GCC_PREPROCESSOR_DEFINITIONS = (
					"DEBUG=1",
					"$(inherited)",
				);
				GCC_WARN_64_TO_32_BIT_CONVERSION = YES;
				GCC_WARN_ABOUT_RETURN_TYPE = YES_ERROR;
				GCC_WARN_UNDECLARED_SELECTOR = YES;
				GCC_WARN_UNINITIALIZED_AUTOS = YES_AGGRESSIVE;
				GCC_WARN_UNUSED_FUNCTION = YES;
				GCC_WARN_UNUSED_VARIABLE = YES;
				IPHONEOS_DEPLOYMENT_TARGET = 14.0;
				MTL_ENABLE_DEBUG_INFO = INCLUDE_SOURCE;
				MTL_FAST_MATH = YES;
				ONLY_ACTIVE_ARCH = YES;
				SDKROOT = iphoneos;
				SWIFT_ACTIVE_COMPILATION_CONDITIONS = DEBUG;
				SWIFT_OPTIMIZATION_LEVEL = "-Onone";
			};
			name = Debug;
		};
		F6B9F90C250C4151002C8B6A /* Release */ = {
			isa = XCBuildConfiguration;
			buildSettings = {
				ALWAYS_SEARCH_USER_PATHS = NO;
				CLANG_ANALYZER_NONNULL = YES;
				CLANG_ANALYZER_NUMBER_OBJECT_CONVERSION = YES_AGGRESSIVE;
				CLANG_CXX_LANGUAGE_STANDARD = "gnu++14";
				CLANG_CXX_LIBRARY = "libc++";
				CLANG_ENABLE_MODULES = YES;
				CLANG_ENABLE_OBJC_ARC = YES;
				CLANG_ENABLE_OBJC_WEAK = YES;
				CLANG_WARN_BLOCK_CAPTURE_AUTORELEASING = YES;
				CLANG_WARN_BOOL_CONVERSION = YES;
				CLANG_WARN_COMMA = YES;
				CLANG_WARN_CONSTANT_CONVERSION = YES;
				CLANG_WARN_DEPRECATED_OBJC_IMPLEMENTATIONS = YES;
				CLANG_WARN_DIRECT_OBJC_ISA_USAGE = YES_ERROR;
				CLANG_WARN_DOCUMENTATION_COMMENTS = YES;
				CLANG_WARN_EMPTY_BODY = YES;
				CLANG_WARN_ENUM_CONVERSION = YES;
				CLANG_WARN_INFINITE_RECURSION = YES;
				CLANG_WARN_INT_CONVERSION = YES;
				CLANG_WARN_NON_LITERAL_NULL_CONVERSION = YES;
				CLANG_WARN_OBJC_IMPLICIT_RETAIN_SELF = YES;
				CLANG_WARN_OBJC_LITERAL_CONVERSION = YES;
				CLANG_WARN_OBJC_ROOT_CLASS = YES_ERROR;
				CLANG_WARN_QUOTED_INCLUDE_IN_FRAMEWORK_HEADER = YES;
				CLANG_WARN_RANGE_LOOP_ANALYSIS = YES;
				CLANG_WARN_STRICT_PROTOTYPES = YES;
				CLANG_WARN_SUSPICIOUS_MOVE = YES;
				CLANG_WARN_UNGUARDED_AVAILABILITY = YES_AGGRESSIVE;
				CLANG_WARN_UNREACHABLE_CODE = YES;
				CLANG_WARN__DUPLICATE_METHOD_MATCH = YES;
				COPY_PHASE_STRIP = NO;
				DEBUG_INFORMATION_FORMAT = "dwarf-with-dsym";
				ENABLE_NS_ASSERTIONS = NO;
				ENABLE_STRICT_OBJC_MSGSEND = YES;
				GCC_C_LANGUAGE_STANDARD = gnu11;
				GCC_NO_COMMON_BLOCKS = YES;
				GCC_WARN_64_TO_32_BIT_CONVERSION = YES;
				GCC_WARN_ABOUT_RETURN_TYPE = YES_ERROR;
				GCC_WARN_UNDECLARED_SELECTOR = YES;
				GCC_WARN_UNINITIALIZED_AUTOS = YES_AGGRESSIVE;
				GCC_WARN_UNUSED_FUNCTION = YES;
				GCC_WARN_UNUSED_VARIABLE = YES;
				IPHONEOS_DEPLOYMENT_TARGET = 14.0;
				MTL_ENABLE_DEBUG_INFO = NO;
				MTL_FAST_MATH = YES;
				SDKROOT = iphoneos;
				SWIFT_COMPILATION_MODE = wholemodule;
				SWIFT_OPTIMIZATION_LEVEL = "-O";
				VALIDATE_PRODUCT = YES;
			};
			name = Release;
		};
		F6B9F90E250C4151002C8B6A /* Debug */ = {
			isa = XCBuildConfiguration;
			buildSettings = {
				ASSETCATALOG_COMPILER_APPICON_NAME = AppIcon;
				ASSETCATALOG_COMPILER_GLOBAL_ACCENT_COLOR_NAME = AccentColor;
				CODE_SIGN_STYLE = Automatic;
				DEVELOPMENT_ASSET_PATHS = "\"SwiftUIStylingProto/Preview Content\"";
				DEVELOPMENT_TEAM = 6F9SQVL3N2;
				ENABLE_PREVIEWS = YES;
				INFOPLIST_FILE = SwiftUIStylingProto/Info.plist;
				IPHONEOS_DEPLOYMENT_TARGET = 14.0;
				LD_RUNPATH_SEARCH_PATHS = (
					"$(inherited)",
					"@executable_path/Frameworks",
				);
				PRODUCT_BUNDLE_IDENTIFIER = com.sstadelman.SwiftUIStylingProto;
				PRODUCT_NAME = "$(TARGET_NAME)";
				SWIFT_VERSION = 5.0;
				TARGETED_DEVICE_FAMILY = "1,2";
			};
			name = Debug;
		};
		F6B9F90F250C4151002C8B6A /* Release */ = {
			isa = XCBuildConfiguration;
			buildSettings = {
				ASSETCATALOG_COMPILER_APPICON_NAME = AppIcon;
				ASSETCATALOG_COMPILER_GLOBAL_ACCENT_COLOR_NAME = AccentColor;
				CODE_SIGN_STYLE = Automatic;
				DEVELOPMENT_ASSET_PATHS = "\"SwiftUIStylingProto/Preview Content\"";
				DEVELOPMENT_TEAM = 6F9SQVL3N2;
				ENABLE_PREVIEWS = YES;
				INFOPLIST_FILE = SwiftUIStylingProto/Info.plist;
				IPHONEOS_DEPLOYMENT_TARGET = 14.0;
				LD_RUNPATH_SEARCH_PATHS = (
					"$(inherited)",
					"@executable_path/Frameworks",
				);
				PRODUCT_BUNDLE_IDENTIFIER = com.sstadelman.SwiftUIStylingProto;
				PRODUCT_NAME = "$(TARGET_NAME)";
				SWIFT_VERSION = 5.0;
				TARGETED_DEVICE_FAMILY = "1,2";
			};
			name = Release;
		};
/* End XCBuildConfiguration section */

/* Begin XCConfigurationList section */
		F6B9F8F9250C4151002C8B6A /* Build configuration list for PBXProject "SwiftUIStylingProto" */ = {
			isa = XCConfigurationList;
			buildConfigurations = (
				F6B9F90B250C4151002C8B6A /* Debug */,
				F6B9F90C250C4151002C8B6A /* Release */,
			);
			defaultConfigurationIsVisible = 0;
			defaultConfigurationName = Release;
		};
		F6B9F90D250C4151002C8B6A /* Build configuration list for PBXNativeTarget "SwiftUIStylingProto" */ = {
			isa = XCConfigurationList;
			buildConfigurations = (
				F6B9F90E250C4151002C8B6A /* Debug */,
				F6B9F90F250C4151002C8B6A /* Release */,
			);
			defaultConfigurationIsVisible = 0;
			defaultConfigurationName = Release;
		};
/* End XCConfigurationList section */

/* Begin XCRemoteSwiftPackageReference section */
		F6B9F91C250C43CC002C8B6A /* XCRemoteSwiftPackageReference "cloud-sdk-ios-fiori" */ = {
			isa = XCRemoteSwiftPackageReference;
			repositoryURL = "https://github.com/SAP/cloud-sdk-ios-fiori.git";
			requirement = {
				branch = generated_components;
				kind = branch;
			};
		};
/* End XCRemoteSwiftPackageReference section */

/* Begin XCSwiftPackageProductDependency section */
		F6B9F91D250C43CC002C8B6A /* FioriSwiftUI */ = {
			isa = XCSwiftPackageProductDependency;
			package = F6B9F91C250C43CC002C8B6A /* XCRemoteSwiftPackageReference "cloud-sdk-ios-fiori" */;
			productName = FioriSwiftUI;
		};
/* End XCSwiftPackageProductDependency section */
	};
	rootObject = F6B9F8F6250C4151002C8B6A /* Project object */;
}
