// !$*UTF8*$!
{
	archiveVersion = 1;
	classes = {
	};
	objectVersion = 52;
	objects = {

/* Begin PBXBuildFile section */
		1B02434825131BBE00C57865 /* API_Warehouse_Task+Extensions.swift in Sources */ = {isa = PBXBuildFile; fileRef = 1B02434725131BBE00C57865 /* API_Warehouse_Task+Extensions.swift */; };
		1B02434A25131D3A00C57865 /* WarehouseTaskList.swift in Sources */ = {isa = PBXBuildFile; fileRef = 1B02434925131D3A00C57865 /* WarehouseTaskList.swift */; };
		1BA449B1250FE71200B61EB1 /* ModelCache.swift in Sources */ = {isa = PBXBuildFile; fileRef = 1BA449B0250FE71100B61EB1 /* ModelCache.swift */; };
		1BF103DF2518702400F2912C /* SAPOData.xcframework in Frameworks */ = {isa = PBXBuildFile; fileRef = 1BF103DD2518702400F2912C /* SAPOData.xcframework */; };
		1BF103E02518702400F2912C /* SAPOData.xcframework in Embed Frameworks */ = {isa = PBXBuildFile; fileRef = 1BF103DD2518702400F2912C /* SAPOData.xcframework */; settings = {ATTRIBUTES = (CodeSignOnCopy, RemoveHeadersOnCopy, ); }; };
		1BF103E12518702400F2912C /* SAPOfflineOData.xcframework in Frameworks */ = {isa = PBXBuildFile; fileRef = 1BF103DE2518702400F2912C /* SAPOfflineOData.xcframework */; };
		1BF103E22518702400F2912C /* SAPOfflineOData.xcframework in Embed Frameworks */ = {isa = PBXBuildFile; fileRef = 1BF103DE2518702400F2912C /* SAPOfflineOData.xcframework */; settings = {ATTRIBUTES = (CodeSignOnCopy, RemoveHeadersOnCopy, ); }; };
		1BF103E52518712300F2912C /* Person.swift in Sources */ = {isa = PBXBuildFile; fileRef = 1BF103E42518712300F2912C /* Person.swift */; };
		1BF103E72518712C00F2912C /* PlanItem.swift in Sources */ = {isa = PBXBuildFile; fileRef = 1BF103E62518712C00F2912C /* PlanItem.swift */; };
		1BF103E92518713500F2912C /* TripPin.swift in Sources */ = {isa = PBXBuildFile; fileRef = 1BF103E82518713500F2912C /* TripPin.swift */; };
		1BF103F82519102200F2912C /* API_Warehouse_TaskStaticResolver.swift in Sources */ = {isa = PBXBuildFile; fileRef = 1BF103EC2519102200F2912C /* API_Warehouse_TaskStaticResolver.swift */; };
		1BF103F92519102200F2912C /* API_Warehouse_TaskFactory.swift in Sources */ = {isa = PBXBuildFile; fileRef = 1BF103ED2519102200F2912C /* API_Warehouse_TaskFactory.swift */; };
		1BF103FA2519102200F2912C /* API_Warehouse_TaskMetadataText.swift in Sources */ = {isa = PBXBuildFile; fileRef = 1BF103EE2519102200F2912C /* API_Warehouse_TaskMetadataText.swift */; };
		1BF103FB2519102200F2912C /* API_Warehouse_TaskMetadataParser.swift in Sources */ = {isa = PBXBuildFile; fileRef = 1BF103EF2519102200F2912C /* API_Warehouse_TaskMetadataParser.swift */; };
		1BF103FC2519102200F2912C /* API_Warehouse_TaskMetadataChanges.swift in Sources */ = {isa = PBXBuildFile; fileRef = 1BF103F02519102200F2912C /* API_Warehouse_TaskMetadataChanges.swift */; };
		1BF103FD2519102200F2912C /* API_Warehouse_TaskMetadata.swift in Sources */ = {isa = PBXBuildFile; fileRef = 1BF103F22519102200F2912C /* API_Warehouse_TaskMetadata.swift */; };
		1BF103FE2519102200F2912C /* API_Warehouse_Task.swift in Sources */ = {isa = PBXBuildFile; fileRef = 1BF103F32519102200F2912C /* API_Warehouse_Task.swift */; };
		1BF103FF2519102200F2912C /* WarehouseOrderType.swift in Sources */ = {isa = PBXBuildFile; fileRef = 1BF103F42519102200F2912C /* WarehouseOrderType.swift */; };
		1BF104002519102200F2912C /* DummyFunctionImportResult.swift in Sources */ = {isa = PBXBuildFile; fileRef = 1BF103F52519102200F2912C /* DummyFunctionImportResult.swift */; };
		1BF104012519102200F2912C /* WarehouseTaskType.swift in Sources */ = {isa = PBXBuildFile; fileRef = 1BF103F62519102200F2912C /* WarehouseTaskType.swift */; };
		1BF104022519102200F2912C /* WarehouseTaskExceptionCodeType.swift in Sources */ = {isa = PBXBuildFile; fileRef = 1BF103F72519102200F2912C /* WarehouseTaskExceptionCodeType.swift */; };
		1BF104042519115E00F2912C /* QueryResultPublisher.swift in Sources */ = {isa = PBXBuildFile; fileRef = 1BF104032519115E00F2912C /* QueryResultPublisher.swift */; };
		1BF10407251912EF00F2912C /* FioriSwiftUI in Frameworks */ = {isa = PBXBuildFile; productRef = 1BF10406251912EF00F2912C /* FioriSwiftUI */; };
		1BF10408251912EF00F2912C /* FioriSwiftUI in Embed Frameworks */ = {isa = PBXBuildFile; productRef = 1BF10406251912EF00F2912C /* FioriSwiftUI */; settings = {ATTRIBUTES = (CodeSignOnCopy, ); }; };
		1BF1040B2519135600F2912C /* SAPCommon.xcframework in Frameworks */ = {isa = PBXBuildFile; fileRef = 1BF104092519134200F2912C /* SAPCommon.xcframework */; };
		1BF1040C2519135600F2912C /* SAPCommon.xcframework in Embed Frameworks */ = {isa = PBXBuildFile; fileRef = 1BF104092519134200F2912C /* SAPCommon.xcframework */; settings = {ATTRIBUTES = (CodeSignOnCopy, RemoveHeadersOnCopy, ); }; };
		1BF1040D2519135600F2912C /* SAPFoundation.xcframework in Frameworks */ = {isa = PBXBuildFile; fileRef = 1BF1040A2519134400F2912C /* SAPFoundation.xcframework */; };
		1BF1040E2519135600F2912C /* SAPFoundation.xcframework in Embed Frameworks */ = {isa = PBXBuildFile; fileRef = 1BF1040A2519134400F2912C /* SAPFoundation.xcframework */; settings = {ATTRIBUTES = (CodeSignOnCopy, RemoveHeadersOnCopy, ); }; };
		F6A23F6D25193D9B00B018C2 /* WarehouseOrderType+Extensions.swift in Sources */ = {isa = PBXBuildFile; fileRef = F6A23F6C25193D9B00B018C2 /* WarehouseOrderType+Extensions.swift */; };
		F6A6D496251EA6C50085AE85 /* ODataDataValue.swift in Sources */ = {isa = PBXBuildFile; fileRef = F6A6D495251EA6C50085AE85 /* ODataDataValue.swift */; };
		F6B9F902250C4151002C8B6A /* SwiftUIStylingProtoApp.swift in Sources */ = {isa = PBXBuildFile; fileRef = F6B9F901250C4151002C8B6A /* SwiftUIStylingProtoApp.swift */; };
		F6B9F904250C4151002C8B6A /* ContentView.swift in Sources */ = {isa = PBXBuildFile; fileRef = F6B9F903250C4151002C8B6A /* ContentView.swift */; };
		F6B9F906250C4151002C8B6A /* Assets.xcassets in Resources */ = {isa = PBXBuildFile; fileRef = F6B9F905250C4151002C8B6A /* Assets.xcassets */; };
		F6B9F909250C4151002C8B6A /* Preview Assets.xcassets in Resources */ = {isa = PBXBuildFile; fileRef = F6B9F908250C4151002C8B6A /* Preview Assets.xcassets */; };
		F6B9F923250C4569002C8B6A /* ContactList.swift in Sources */ = {isa = PBXBuildFile; fileRef = F6B9F922250C4569002C8B6A /* ContactList.swift */; };
		F6B9F926250C45BC002C8B6A /* AcmePalette.swift in Sources */ = {isa = PBXBuildFile; fileRef = F6B9F925250C45BC002C8B6A /* AcmePalette.swift */; };
		F6B9F928250C45E5002C8B6A /* AcmeTags.swift in Sources */ = {isa = PBXBuildFile; fileRef = F6B9F927250C45E5002C8B6A /* AcmeTags.swift */; };
		F6B9F92A250C4673002C8B6A /* PersonFloorplan.swift in Sources */ = {isa = PBXBuildFile; fileRef = F6B9F929250C4673002C8B6A /* PersonFloorplan.swift */; };
/* End PBXBuildFile section */

/* Begin PBXCopyFilesBuildPhase section */
		F6B9F914250C422A002C8B6A /* Embed Frameworks */ = {
			isa = PBXCopyFilesBuildPhase;
			buildActionMask = 2147483647;
			dstPath = "";
			dstSubfolderSpec = 10;
			files = (
				1BF103E22518702400F2912C /* SAPOfflineOData.xcframework in Embed Frameworks */,
				1BF1040C2519135600F2912C /* SAPCommon.xcframework in Embed Frameworks */,
				1BF1040E2519135600F2912C /* SAPFoundation.xcframework in Embed Frameworks */,
				1BF103E02518702400F2912C /* SAPOData.xcframework in Embed Frameworks */,
				1BF10408251912EF00F2912C /* FioriSwiftUI in Embed Frameworks */,
			);
			name = "Embed Frameworks";
			runOnlyForDeploymentPostprocessing = 0;
		};
/* End PBXCopyFilesBuildPhase section */

/* Begin PBXFileReference section */
		1B02434725131BBE00C57865 /* API_Warehouse_Task+Extensions.swift */ = {isa = PBXFileReference; lastKnownFileType = sourcecode.swift; path = "API_Warehouse_Task+Extensions.swift"; sourceTree = "<group>"; };
		1B02434925131D3A00C57865 /* WarehouseTaskList.swift */ = {isa = PBXFileReference; lastKnownFileType = sourcecode.swift; path = WarehouseTaskList.swift; sourceTree = "<group>"; };
		1BA449B0250FE71100B61EB1 /* ModelCache.swift */ = {isa = PBXFileReference; lastKnownFileType = sourcecode.swift; path = ModelCache.swift; sourceTree = "<group>"; };
		1BF103DD2518702400F2912C /* SAPOData.xcframework */ = {isa = PBXFileReference; lastKnownFileType = wrapper.xcframework; name = SAPOData.xcframework; path = "Release-xcframework/SAPOData.xcframework"; sourceTree = "<group>"; };
		1BF103DE2518702400F2912C /* SAPOfflineOData.xcframework */ = {isa = PBXFileReference; lastKnownFileType = wrapper.xcframework; name = SAPOfflineOData.xcframework; path = "Release-xcframework/SAPOfflineOData.xcframework"; sourceTree = "<group>"; };
		1BF103E42518712300F2912C /* Person.swift */ = {isa = PBXFileReference; lastKnownFileType = sourcecode.swift; path = Person.swift; sourceTree = "<group>"; };
		1BF103E62518712C00F2912C /* PlanItem.swift */ = {isa = PBXFileReference; lastKnownFileType = sourcecode.swift; path = PlanItem.swift; sourceTree = "<group>"; };
		1BF103E82518713500F2912C /* TripPin.swift */ = {isa = PBXFileReference; lastKnownFileType = sourcecode.swift; path = TripPin.swift; sourceTree = "<group>"; };
		1BF103EC2519102200F2912C /* API_Warehouse_TaskStaticResolver.swift */ = {isa = PBXFileReference; fileEncoding = 4; lastKnownFileType = sourcecode.swift; path = API_Warehouse_TaskStaticResolver.swift; sourceTree = "<group>"; };
		1BF103ED2519102200F2912C /* API_Warehouse_TaskFactory.swift */ = {isa = PBXFileReference; fileEncoding = 4; lastKnownFileType = sourcecode.swift; path = API_Warehouse_TaskFactory.swift; sourceTree = "<group>"; };
		1BF103EE2519102200F2912C /* API_Warehouse_TaskMetadataText.swift */ = {isa = PBXFileReference; fileEncoding = 4; lastKnownFileType = sourcecode.swift; path = API_Warehouse_TaskMetadataText.swift; sourceTree = "<group>"; };
		1BF103EF2519102200F2912C /* API_Warehouse_TaskMetadataParser.swift */ = {isa = PBXFileReference; fileEncoding = 4; lastKnownFileType = sourcecode.swift; path = API_Warehouse_TaskMetadataParser.swift; sourceTree = "<group>"; };
		1BF103F02519102200F2912C /* API_Warehouse_TaskMetadataChanges.swift */ = {isa = PBXFileReference; fileEncoding = 4; lastKnownFileType = sourcecode.swift; path = API_Warehouse_TaskMetadataChanges.swift; sourceTree = "<group>"; };
		1BF103F22519102200F2912C /* API_Warehouse_TaskMetadata.swift */ = {isa = PBXFileReference; fileEncoding = 4; lastKnownFileType = sourcecode.swift; path = API_Warehouse_TaskMetadata.swift; sourceTree = "<group>"; };
		1BF103F32519102200F2912C /* API_Warehouse_Task.swift */ = {isa = PBXFileReference; fileEncoding = 4; lastKnownFileType = sourcecode.swift; path = API_Warehouse_Task.swift; sourceTree = "<group>"; };
		1BF103F42519102200F2912C /* WarehouseOrderType.swift */ = {isa = PBXFileReference; fileEncoding = 4; lastKnownFileType = sourcecode.swift; path = WarehouseOrderType.swift; sourceTree = "<group>"; };
		1BF103F52519102200F2912C /* DummyFunctionImportResult.swift */ = {isa = PBXFileReference; fileEncoding = 4; lastKnownFileType = sourcecode.swift; path = DummyFunctionImportResult.swift; sourceTree = "<group>"; };
		1BF103F62519102200F2912C /* WarehouseTaskType.swift */ = {isa = PBXFileReference; fileEncoding = 4; lastKnownFileType = sourcecode.swift; path = WarehouseTaskType.swift; sourceTree = "<group>"; };
		1BF103F72519102200F2912C /* WarehouseTaskExceptionCodeType.swift */ = {isa = PBXFileReference; fileEncoding = 4; lastKnownFileType = sourcecode.swift; path = WarehouseTaskExceptionCodeType.swift; sourceTree = "<group>"; };
		1BF104032519115E00F2912C /* QueryResultPublisher.swift */ = {isa = PBXFileReference; fileEncoding = 4; lastKnownFileType = sourcecode.swift; path = QueryResultPublisher.swift; sourceTree = "<group>"; };
		1BF104092519134200F2912C /* SAPCommon.xcframework */ = {isa = PBXFileReference; lastKnownFileType = wrapper.xcframework; name = SAPCommon.xcframework; path = "Release-xcframework/SAPCommon.xcframework"; sourceTree = "<group>"; };
		1BF1040A2519134400F2912C /* SAPFoundation.xcframework */ = {isa = PBXFileReference; lastKnownFileType = wrapper.xcframework; name = SAPFoundation.xcframework; path = "Release-xcframework/SAPFoundation.xcframework"; sourceTree = "<group>"; };
		F6A23F6C25193D9B00B018C2 /* WarehouseOrderType+Extensions.swift */ = {isa = PBXFileReference; lastKnownFileType = sourcecode.swift; path = "WarehouseOrderType+Extensions.swift"; sourceTree = "<group>"; };
		F6A6D495251EA6C50085AE85 /* ODataDataValue.swift */ = {isa = PBXFileReference; lastKnownFileType = sourcecode.swift; path = ODataDataValue.swift; sourceTree = "<group>"; };
		F6B9F8FE250C4151002C8B6A /* SwiftUIStylingProto.app */ = {isa = PBXFileReference; explicitFileType = wrapper.application; includeInIndex = 0; path = SwiftUIStylingProto.app; sourceTree = BUILT_PRODUCTS_DIR; };
		F6B9F901250C4151002C8B6A /* SwiftUIStylingProtoApp.swift */ = {isa = PBXFileReference; lastKnownFileType = sourcecode.swift; path = SwiftUIStylingProtoApp.swift; sourceTree = "<group>"; };
		F6B9F903250C4151002C8B6A /* ContentView.swift */ = {isa = PBXFileReference; lastKnownFileType = sourcecode.swift; path = ContentView.swift; sourceTree = "<group>"; };
		F6B9F905250C4151002C8B6A /* Assets.xcassets */ = {isa = PBXFileReference; lastKnownFileType = folder.assetcatalog; path = Assets.xcassets; sourceTree = "<group>"; };
		F6B9F908250C4151002C8B6A /* Preview Assets.xcassets */ = {isa = PBXFileReference; lastKnownFileType = folder.assetcatalog; path = "Preview Assets.xcassets"; sourceTree = "<group>"; };
		F6B9F90A250C4151002C8B6A /* Info.plist */ = {isa = PBXFileReference; lastKnownFileType = text.plist.xml; path = Info.plist; sourceTree = "<group>"; };
		F6B9F922250C4569002C8B6A /* ContactList.swift */ = {isa = PBXFileReference; lastKnownFileType = sourcecode.swift; path = ContactList.swift; sourceTree = "<group>"; };
		F6B9F925250C45BC002C8B6A /* AcmePalette.swift */ = {isa = PBXFileReference; lastKnownFileType = sourcecode.swift; path = AcmePalette.swift; sourceTree = "<group>"; };
		F6B9F927250C45E5002C8B6A /* AcmeTags.swift */ = {isa = PBXFileReference; lastKnownFileType = sourcecode.swift; path = AcmeTags.swift; sourceTree = "<group>"; };
		F6B9F929250C4673002C8B6A /* PersonFloorplan.swift */ = {isa = PBXFileReference; fileEncoding = 4; lastKnownFileType = sourcecode.swift; path = PersonFloorplan.swift; sourceTree = "<group>"; };
/* End PBXFileReference section */

/* Begin PBXFrameworksBuildPhase section */
		F6B9F8FB250C4151002C8B6A /* Frameworks */ = {
			isa = PBXFrameworksBuildPhase;
			buildActionMask = 2147483647;
			files = (
				1BF10407251912EF00F2912C /* FioriSwiftUI in Frameworks */,
				1BF1040B2519135600F2912C /* SAPCommon.xcframework in Frameworks */,
				1BF1040D2519135600F2912C /* SAPFoundation.xcframework in Frameworks */,
				1BF103E12518702400F2912C /* SAPOfflineOData.xcframework in Frameworks */,
				1BF103DF2518702400F2912C /* SAPOData.xcframework in Frameworks */,
			);
			runOnlyForDeploymentPostprocessing = 0;
		};
/* End PBXFrameworksBuildPhase section */

/* Begin PBXGroup section */
		1B02432725131B7800C57865 /* API_WAREHOUSE_ORDER_TASK */ = {
			isa = PBXGroup;
			children = (
				1BF103EA2519102200F2912C /* proxies */,
				1B02434725131BBE00C57865 /* API_Warehouse_Task+Extensions.swift */,
				F6A23F6C25193D9B00B018C2 /* WarehouseOrderType+Extensions.swift */,
			);
			path = API_WAREHOUSE_ORDER_TASK;
			sourceTree = "<group>";
		};
		1BF103E32518710E00F2912C /* TripPinSampleData */ = {
			isa = PBXGroup;
			children = (
				1BF103E42518712300F2912C /* Person.swift */,
				1BF103E62518712C00F2912C /* PlanItem.swift */,
				1BF103E82518713500F2912C /* TripPin.swift */,
			);
			path = TripPinSampleData;
			sourceTree = "<group>";
		};
		1BF103EA2519102200F2912C /* proxies */ = {
			isa = PBXGroup;
			children = (
				1BF103EB2519102200F2912C /* internal */,
				1BF103F12519102200F2912C /* public */,
			);
			path = proxies;
			sourceTree = "<group>";
		};
		1BF103EB2519102200F2912C /* internal */ = {
			isa = PBXGroup;
			children = (
				1BF103EC2519102200F2912C /* API_Warehouse_TaskStaticResolver.swift */,
				1BF103ED2519102200F2912C /* API_Warehouse_TaskFactory.swift */,
				1BF103EE2519102200F2912C /* API_Warehouse_TaskMetadataText.swift */,
				1BF103EF2519102200F2912C /* API_Warehouse_TaskMetadataParser.swift */,
				1BF103F02519102200F2912C /* API_Warehouse_TaskMetadataChanges.swift */,
			);
			path = internal;
			sourceTree = "<group>";
		};
		1BF103F12519102200F2912C /* public */ = {
			isa = PBXGroup;
			children = (
				1BF103F22519102200F2912C /* API_Warehouse_TaskMetadata.swift */,
				1BF103F32519102200F2912C /* API_Warehouse_Task.swift */,
				1BF103F42519102200F2912C /* WarehouseOrderType.swift */,
				1BF103F52519102200F2912C /* DummyFunctionImportResult.swift */,
				1BF103F62519102200F2912C /* WarehouseTaskType.swift */,
				1BF103F72519102200F2912C /* WarehouseTaskExceptionCodeType.swift */,
			);
			path = public;
			sourceTree = "<group>";
		};
		F6B9F8F5250C4151002C8B6A = {
			isa = PBXGroup;
			children = (
				F6B9F900250C4151002C8B6A /* SwiftUIStylingProto */,
				F6B9F8FF250C4151002C8B6A /* Products */,
				F6B9F915250C4257002C8B6A /* Frameworks */,
			);
			sourceTree = "<group>";
		};
		F6B9F8FF250C4151002C8B6A /* Products */ = {
			isa = PBXGroup;
			children = (
				F6B9F8FE250C4151002C8B6A /* SwiftUIStylingProto.app */,
			);
			name = Products;
			sourceTree = "<group>";
		};
		F6B9F900250C4151002C8B6A /* SwiftUIStylingProto */ = {
			isa = PBXGroup;
			children = (
				1BF104032519115E00F2912C /* QueryResultPublisher.swift */,
				F6A6D495251EA6C50085AE85 /* ODataDataValue.swift */,
				1BF103E32518710E00F2912C /* TripPinSampleData */,
				1B02432725131B7800C57865 /* API_WAREHOUSE_ORDER_TASK */,
				F6B9F924250C45A2002C8B6A /* CustomerModifiers */,
				F6B9F901250C4151002C8B6A /* SwiftUIStylingProtoApp.swift */,
				1BA449B0250FE71100B61EB1 /* ModelCache.swift */,
				F6B9F903250C4151002C8B6A /* ContentView.swift */,
				F6B9F922250C4569002C8B6A /* ContactList.swift */,
				1B02434925131D3A00C57865 /* WarehouseTaskList.swift */,
				F6B9F929250C4673002C8B6A /* PersonFloorplan.swift */,
				F6B9F905250C4151002C8B6A /* Assets.xcassets */,
				F6B9F90A250C4151002C8B6A /* Info.plist */,
				F6B9F907250C4151002C8B6A /* Preview Content */,
			);
			path = SwiftUIStylingProto;
			sourceTree = "<group>";
		};
		F6B9F907250C4151002C8B6A /* Preview Content */ = {
			isa = PBXGroup;
			children = (
				F6B9F908250C4151002C8B6A /* Preview Assets.xcassets */,
			);
			path = "Preview Content";
			sourceTree = "<group>";
		};
		F6B9F915250C4257002C8B6A /* Frameworks */ = {
			isa = PBXGroup;
			children = (
				1BF104092519134200F2912C /* SAPCommon.xcframework */,
				1BF1040A2519134400F2912C /* SAPFoundation.xcframework */,
				1BF103DD2518702400F2912C /* SAPOData.xcframework */,
				1BF103DE2518702400F2912C /* SAPOfflineOData.xcframework */,
			);
			name = Frameworks;
			path = /Users/stan/github/sstadelman/xcframeworks;
			sourceTree = "<absolute>";
		};
		F6B9F924250C45A2002C8B6A /* CustomerModifiers */ = {
			isa = PBXGroup;
			children = (
				F6B9F925250C45BC002C8B6A /* AcmePalette.swift */,
				F6B9F927250C45E5002C8B6A /* AcmeTags.swift */,
			);
			path = CustomerModifiers;
			sourceTree = "<group>";
		};
/* End PBXGroup section */

/* Begin PBXNativeTarget section */
		F6B9F8FD250C4151002C8B6A /* SwiftUIStylingProto */ = {
			isa = PBXNativeTarget;
			buildConfigurationList = F6B9F90D250C4151002C8B6A /* Build configuration list for PBXNativeTarget "SwiftUIStylingProto" */;
			buildPhases = (
				F6B9F8FA250C4151002C8B6A /* Sources */,
				F6B9F8FB250C4151002C8B6A /* Frameworks */,
				F6B9F8FC250C4151002C8B6A /* Resources */,
				F6B9F914250C422A002C8B6A /* Embed Frameworks */,
			);
			buildRules = (
			);
			dependencies = (
			);
			name = SwiftUIStylingProto;
			packageProductDependencies = (
				1BF10406251912EF00F2912C /* FioriSwiftUI */,
			);
			productName = SwiftUIStylingProto;
			productReference = F6B9F8FE250C4151002C8B6A /* SwiftUIStylingProto.app */;
			productType = "com.apple.product-type.application";
		};
/* End PBXNativeTarget section */

/* Begin PBXProject section */
		F6B9F8F6250C4151002C8B6A /* Project object */ = {
			isa = PBXProject;
			attributes = {
				LastSwiftUpdateCheck = 1200;
				LastUpgradeCheck = 1200;
				TargetAttributes = {
					F6B9F8FD250C4151002C8B6A = {
						CreatedOnToolsVersion = 12.0;
					};
				};
			};
			buildConfigurationList = F6B9F8F9250C4151002C8B6A /* Build configuration list for PBXProject "SwiftUIStylingProto" */;
			compatibilityVersion = "Xcode 9.3";
			developmentRegion = en;
			hasScannedForEncodings = 0;
			knownRegions = (
				en,
				Base,
			);
			mainGroup = F6B9F8F5250C4151002C8B6A;
			packageReferences = (
				1BF10405251912EF00F2912C /* XCRemoteSwiftPackageReference "cloud-sdk-ios-fiori" */,
			);
			productRefGroup = F6B9F8FF250C4151002C8B6A /* Products */;
			projectDirPath = "";
			projectRoot = "";
			targets = (
				F6B9F8FD250C4151002C8B6A /* SwiftUIStylingProto */,
			);
		};
/* End PBXProject section */

/* Begin PBXResourcesBuildPhase section */
		F6B9F8FC250C4151002C8B6A /* Resources */ = {
			isa = PBXResourcesBuildPhase;
			buildActionMask = 2147483647;
			files = (
				F6B9F909250C4151002C8B6A /* Preview Assets.xcassets in Resources */,
				F6B9F906250C4151002C8B6A /* Assets.xcassets in Resources */,
			);
			runOnlyForDeploymentPostprocessing = 0;
		};
/* End PBXResourcesBuildPhase section */

/* Begin PBXSourcesBuildPhase section */
		F6B9F8FA250C4151002C8B6A /* Sources */ = {
			isa = PBXSourcesBuildPhase;
			buildActionMask = 2147483647;
			files = (
				1BF103FF2519102200F2912C /* WarehouseOrderType.swift in Sources */,
				1BF104002519102200F2912C /* DummyFunctionImportResult.swift in Sources */,
				F6A23F6D25193D9B00B018C2 /* WarehouseOrderType+Extensions.swift in Sources */,
				F6A6D496251EA6C50085AE85 /* ODataDataValue.swift in Sources */,
				1BF103F92519102200F2912C /* API_Warehouse_TaskFactory.swift in Sources */,
				F6B9F923250C4569002C8B6A /* ContactList.swift in Sources */,
				1BF104022519102200F2912C /* WarehouseTaskExceptionCodeType.swift in Sources */,
				1BF103FC2519102200F2912C /* API_Warehouse_TaskMetadataChanges.swift in Sources */,
				F6B9F928250C45E5002C8B6A /* AcmeTags.swift in Sources */,
				1BF103FA2519102200F2912C /* API_Warehouse_TaskMetadataText.swift in Sources */,
				1BF103E72518712C00F2912C /* PlanItem.swift in Sources */,
				1BF103F82519102200F2912C /* API_Warehouse_TaskStaticResolver.swift in Sources */,
				F6B9F926250C45BC002C8B6A /* AcmePalette.swift in Sources */,
				1BF104012519102200F2912C /* WarehouseTaskType.swift in Sources */,
				1BF103FE2519102200F2912C /* API_Warehouse_Task.swift in Sources */,
				F6B9F904250C4151002C8B6A /* ContentView.swift in Sources */,
				1BF103E92518713500F2912C /* TripPin.swift in Sources */,
				1B02434825131BBE00C57865 /* API_Warehouse_Task+Extensions.swift in Sources */,
				1BF104042519115E00F2912C /* QueryResultPublisher.swift in Sources */,
				F6B9F92A250C4673002C8B6A /* PersonFloorplan.swift in Sources */,
				1B02434A25131D3A00C57865 /* WarehouseTaskList.swift in Sources */,
				1BA449B1250FE71200B61EB1 /* ModelCache.swift in Sources */,
				1BF103FB2519102200F2912C /* API_Warehouse_TaskMetadataParser.swift in Sources */,
				1BF103E52518712300F2912C /* Person.swift in Sources */,
				1BF103FD2519102200F2912C /* API_Warehouse_TaskMetadata.swift in Sources */,
				F6B9F902250C4151002C8B6A /* SwiftUIStylingProtoApp.swift in Sources */,
			);
			runOnlyForDeploymentPostprocessing = 0;
		};
/* End PBXSourcesBuildPhase section */

/* Begin XCBuildConfiguration section */
		F6B9F90B250C4151002C8B6A /* Debug */ = {
			isa = XCBuildConfiguration;
			buildSettings = {
				ALWAYS_SEARCH_USER_PATHS = NO;
				CLANG_ANALYZER_NONNULL = YES;
				CLANG_ANALYZER_NUMBER_OBJECT_CONVERSION = YES_AGGRESSIVE;
				CLANG_CXX_LANGUAGE_STANDARD = "gnu++14";
				CLANG_CXX_LIBRARY = "libc++";
				CLANG_ENABLE_MODULES = YES;
				CLANG_ENABLE_OBJC_ARC = YES;
				CLANG_ENABLE_OBJC_WEAK = YES;
				CLANG_WARN_BLOCK_CAPTURE_AUTORELEASING = YES;
				CLANG_WARN_BOOL_CONVERSION = YES;
				CLANG_WARN_COMMA = YES;
				CLANG_WARN_CONSTANT_CONVERSION = YES;
				CLANG_WARN_DEPRECATED_OBJC_IMPLEMENTATIONS = YES;
				CLANG_WARN_DIRECT_OBJC_ISA_USAGE = YES_ERROR;
				CLANG_WARN_DOCUMENTATION_COMMENTS = YES;
				CLANG_WARN_EMPTY_BODY = YES;
				CLANG_WARN_ENUM_CONVERSION = YES;
				CLANG_WARN_INFINITE_RECURSION = YES;
				CLANG_WARN_INT_CONVERSION = YES;
				CLANG_WARN_NON_LITERAL_NULL_CONVERSION = YES;
				CLANG_WARN_OBJC_IMPLICIT_RETAIN_SELF = YES;
				CLANG_WARN_OBJC_LITERAL_CONVERSION = YES;
				CLANG_WARN_OBJC_ROOT_CLASS = YES_ERROR;
				CLANG_WARN_QUOTED_INCLUDE_IN_FRAMEWORK_HEADER = YES;
				CLANG_WARN_RANGE_LOOP_ANALYSIS = YES;
				CLANG_WARN_STRICT_PROTOTYPES = YES;
				CLANG_WARN_SUSPICIOUS_MOVE = YES;
				CLANG_WARN_UNGUARDED_AVAILABILITY = YES_AGGRESSIVE;
				CLANG_WARN_UNREACHABLE_CODE = YES;
				CLANG_WARN__DUPLICATE_METHOD_MATCH = YES;
				COPY_PHASE_STRIP = NO;
				DEBUG_INFORMATION_FORMAT = dwarf;
				ENABLE_STRICT_OBJC_MSGSEND = YES;
				ENABLE_TESTABILITY = YES;
				GCC_C_LANGUAGE_STANDARD = gnu11;
				GCC_DYNAMIC_NO_PIC = NO;
				GCC_NO_COMMON_BLOCKS = YES;
				GCC_OPTIMIZATION_LEVEL = 0;
				GCC_PREPROCESSOR_DEFINITIONS = (
					"DEBUG=1",
					"$(inherited)",
				);
				GCC_WARN_64_TO_32_BIT_CONVERSION = YES;
				GCC_WARN_ABOUT_RETURN_TYPE = YES_ERROR;
				GCC_WARN_UNDECLARED_SELECTOR = YES;
				GCC_WARN_UNINITIALIZED_AUTOS = YES_AGGRESSIVE;
				GCC_WARN_UNUSED_FUNCTION = YES;
				GCC_WARN_UNUSED_VARIABLE = YES;
				IPHONEOS_DEPLOYMENT_TARGET = 14.0;
				MTL_ENABLE_DEBUG_INFO = INCLUDE_SOURCE;
				MTL_FAST_MATH = YES;
				ONLY_ACTIVE_ARCH = YES;
				SDKROOT = iphoneos;
				SWIFT_ACTIVE_COMPILATION_CONDITIONS = DEBUG;
				SWIFT_OPTIMIZATION_LEVEL = "-Onone";
			};
			name = Debug;
		};
		F6B9F90C250C4151002C8B6A /* Release */ = {
			isa = XCBuildConfiguration;
			buildSettings = {
				ALWAYS_SEARCH_USER_PATHS = NO;
				CLANG_ANALYZER_NONNULL = YES;
				CLANG_ANALYZER_NUMBER_OBJECT_CONVERSION = YES_AGGRESSIVE;
				CLANG_CXX_LANGUAGE_STANDARD = "gnu++14";
				CLANG_CXX_LIBRARY = "libc++";
				CLANG_ENABLE_MODULES = YES;
				CLANG_ENABLE_OBJC_ARC = YES;
				CLANG_ENABLE_OBJC_WEAK = YES;
				CLANG_WARN_BLOCK_CAPTURE_AUTORELEASING = YES;
				CLANG_WARN_BOOL_CONVERSION = YES;
				CLANG_WARN_COMMA = YES;
				CLANG_WARN_CONSTANT_CONVERSION = YES;
				CLANG_WARN_DEPRECATED_OBJC_IMPLEMENTATIONS = YES;
				CLANG_WARN_DIRECT_OBJC_ISA_USAGE = YES_ERROR;
				CLANG_WARN_DOCUMENTATION_COMMENTS = YES;
				CLANG_WARN_EMPTY_BODY = YES;
				CLANG_WARN_ENUM_CONVERSION = YES;
				CLANG_WARN_INFINITE_RECURSION = YES;
				CLANG_WARN_INT_CONVERSION = YES;
				CLANG_WARN_NON_LITERAL_NULL_CONVERSION = YES;
				CLANG_WARN_OBJC_IMPLICIT_RETAIN_SELF = YES;
				CLANG_WARN_OBJC_LITERAL_CONVERSION = YES;
				CLANG_WARN_OBJC_ROOT_CLASS = YES_ERROR;
				CLANG_WARN_QUOTED_INCLUDE_IN_FRAMEWORK_HEADER = YES;
				CLANG_WARN_RANGE_LOOP_ANALYSIS = YES;
				CLANG_WARN_STRICT_PROTOTYPES = YES;
				CLANG_WARN_SUSPICIOUS_MOVE = YES;
				CLANG_WARN_UNGUARDED_AVAILABILITY = YES_AGGRESSIVE;
				CLANG_WARN_UNREACHABLE_CODE = YES;
				CLANG_WARN__DUPLICATE_METHOD_MATCH = YES;
				COPY_PHASE_STRIP = NO;
				DEBUG_INFORMATION_FORMAT = "dwarf-with-dsym";
				ENABLE_NS_ASSERTIONS = NO;
				ENABLE_STRICT_OBJC_MSGSEND = YES;
				GCC_C_LANGUAGE_STANDARD = gnu11;
				GCC_NO_COMMON_BLOCKS = YES;
				GCC_WARN_64_TO_32_BIT_CONVERSION = YES;
				GCC_WARN_ABOUT_RETURN_TYPE = YES_ERROR;
				GCC_WARN_UNDECLARED_SELECTOR = YES;
				GCC_WARN_UNINITIALIZED_AUTOS = YES_AGGRESSIVE;
				GCC_WARN_UNUSED_FUNCTION = YES;
				GCC_WARN_UNUSED_VARIABLE = YES;
				IPHONEOS_DEPLOYMENT_TARGET = 14.0;
				MTL_ENABLE_DEBUG_INFO = NO;
				MTL_FAST_MATH = YES;
				SDKROOT = iphoneos;
				SWIFT_COMPILATION_MODE = wholemodule;
				SWIFT_OPTIMIZATION_LEVEL = "-O";
				VALIDATE_PRODUCT = YES;
			};
			name = Release;
		};
		F6B9F90E250C4151002C8B6A /* Debug */ = {
			isa = XCBuildConfiguration;
			buildSettings = {
				ALWAYS_EMBED_SWIFT_STANDARD_LIBRARIES = YES;
				ASSETCATALOG_COMPILER_APPICON_NAME = AppIcon;
				ASSETCATALOG_COMPILER_GLOBAL_ACCENT_COLOR_NAME = AccentColor;
				CODE_SIGN_STYLE = Automatic;
				DEVELOPMENT_ASSET_PATHS = "\"SwiftUIStylingProto/Preview Content\"";
				DEVELOPMENT_TEAM = 6F9SQVL3N2;
				ENABLE_PREVIEWS = YES;
				INFOPLIST_FILE = SwiftUIStylingProto/Info.plist;
				IPHONEOS_DEPLOYMENT_TARGET = 14.0;
				LD_RUNPATH_SEARCH_PATHS = (
					"$(inherited)",
					"@executable_path/Frameworks",
				);
				PRODUCT_BUNDLE_IDENTIFIER = com.sstadelman.SwiftUIStylingProto;
				PRODUCT_NAME = "$(TARGET_NAME)";
				SWIFT_VERSION = 5.0;
				TARGETED_DEVICE_FAMILY = "1,2";
			};
			name = Debug;
		};
		F6B9F90F250C4151002C8B6A /* Release */ = {
			isa = XCBuildConfiguration;
			buildSettings = {
				ALWAYS_EMBED_SWIFT_STANDARD_LIBRARIES = YES;
				ASSETCATALOG_COMPILER_APPICON_NAME = AppIcon;
				ASSETCATALOG_COMPILER_GLOBAL_ACCENT_COLOR_NAME = AccentColor;
				CODE_SIGN_STYLE = Automatic;
				DEVELOPMENT_ASSET_PATHS = "\"SwiftUIStylingProto/Preview Content\"";
				DEVELOPMENT_TEAM = 6F9SQVL3N2;
				ENABLE_PREVIEWS = YES;
				INFOPLIST_FILE = SwiftUIStylingProto/Info.plist;
				IPHONEOS_DEPLOYMENT_TARGET = 14.0;
				LD_RUNPATH_SEARCH_PATHS = (
					"$(inherited)",
					"@executable_path/Frameworks",
				);
				PRODUCT_BUNDLE_IDENTIFIER = com.sstadelman.SwiftUIStylingProto;
				PRODUCT_NAME = "$(TARGET_NAME)";
				SWIFT_VERSION = 5.0;
				TARGETED_DEVICE_FAMILY = "1,2";
			};
			name = Release;
		};
/* End XCBuildConfiguration section */

/* Begin XCConfigurationList section */
		F6B9F8F9250C4151002C8B6A /* Build configuration list for PBXProject "SwiftUIStylingProto" */ = {
			isa = XCConfigurationList;
			buildConfigurations = (
				F6B9F90B250C4151002C8B6A /* Debug */,
				F6B9F90C250C4151002C8B6A /* Release */,
			);
			defaultConfigurationIsVisible = 0;
			defaultConfigurationName = Release;
		};
		F6B9F90D250C4151002C8B6A /* Build configuration list for PBXNativeTarget "SwiftUIStylingProto" */ = {
			isa = XCConfigurationList;
			buildConfigurations = (
				F6B9F90E250C4151002C8B6A /* Debug */,
				F6B9F90F250C4151002C8B6A /* Release */,
			);
			defaultConfigurationIsVisible = 0;
			defaultConfigurationName = Release;
		};
/* End XCConfigurationList section */

/* Begin XCRemoteSwiftPackageReference section */
		1BF10405251912EF00F2912C /* XCRemoteSwiftPackageReference "cloud-sdk-ios-fiori" */ = {
			isa = XCRemoteSwiftPackageReference;
			repositoryURL = "https://github.com/SAP/cloud-sdk-ios-fiori.git";
			requirement = {
				branch = generated_components;
				kind = branch;
			};
		};
/* End XCRemoteSwiftPackageReference section */

/* Begin XCSwiftPackageProductDependency section */
		1BF10406251912EF00F2912C /* FioriSwiftUI */ = {
			isa = XCSwiftPackageProductDependency;
			package = 1BF10405251912EF00F2912C /* XCRemoteSwiftPackageReference "cloud-sdk-ios-fiori" */;
			productName = FioriSwiftUI;
		};
/* End XCSwiftPackageProductDependency section */
	};
	rootObject = F6B9F8F6250C4151002C8B6A /* Project object */;
}
